lockfileVersion: 5.4

specifiers:
  mixpanel-browser: ^2.50.0
  process: ^0.11.10
  react: ^18.3.1
  react-dom: ^18.3.1

dependencies:
  mixpanel-browser: 2.50.0
  react: 18.3.1
  react-dom: 18.3.1_react@18.3.1

devDependencies:
  process: 0.11.10

packages:

  /@rrweb/types/2.0.0-alpha.13:
    resolution: {integrity: sha512-ytq+MeVm/vP2ybw+gTAN3Xvt7HN2yS+wlbfnwHpQMftxrwzq0kEZHdw+Jp5WUvvpONWzXriNAUU9dW0qLGkzNg==}
    dependencies:
      rrweb-snapshot: 2.0.0-alpha.13
    dev: false

  /@types/css-font-loading-module/0.0.7:
    resolution: {integrity: sha512-nl09VhutdjINdWyXxHWN/w9zlNCfr60JUqJbd24YXUuCwgeL0TpFSdElCwb6cxfB6ybE19Gjj4g0jsgkXxKv1Q==}
    dev: false

  /@xstate/fsm/1.6.5:
    resolution: {integrity: sha512-b5o1I6aLNeYlU/3CPlj/Z91ybk1gUsKT+5NAJI+2W4UjvS5KLG28K9v5UvNoFVjHV8PajVZ00RH3vnjyQO7ZAw==}
    dev: false

  /base64-arraybuffer/1.0.2:
    resolution: {integrity: sha512-I3yl4r9QB5ZRY3XuJVEPfc2XhZO6YweFPI+UovAzn+8/hb3oJ6lnysaFcjVpkCPfVWFUDvoZ8kmVDP7WyRtYtQ==}
    engines: {node: '>= 0.6.0'}
    dev: false

  /fflate/0.4.8:
    resolution: {integrity: sha512-FJqqoDBR00Mdj9ppamLa/Y7vxm+PRmNWA67N846RvsoYVMKB4q3y/de5PA7gUmRMYK/8CMz2GDZQmCRN1wBcWA==}
    dev: false

  /js-tokens/4.0.0:
    resolution: {integrity: sha512-RdJUflcE3cUzKiMqQgsCu06FPu9UdIJO0beYbPhHN4k6apgJtifcoCtT9bcxOpYBtpD2kCM6Sbzg4CausW/PKQ==}
    dev: false

  /loose-envify/1.4.0:
    resolution: {integrity: sha512-lyuxPGr/Wfhrlem2CL/UcnUc1zcqKAImBDzukY7Y5F/yQiNdko6+fRLevlw1HgMySw7f611UIY408EtxRSoK3Q==}
    hasBin: true
    dependencies:
      js-tokens: 4.0.0
    dev: false

  /mitt/3.0.1:
    resolution: {integrity: sha512-vKivATfr97l2/QBCYAkXYDbrIWPM2IIKEl7YPhjCvKlG3kE2gm+uBo6nEXK3M5/Ffh/FLpKExzOQ3JJoJGFKBw==}
    dev: false

  /mixpanel-browser/2.50.0:
    resolution: {integrity: sha512-iP4sbSRMemjWbnH+KQZRxZ360bcXtFpoQuUiWjjdw9AsURn0MrR9/2RnPOJ8J8tt1dMm7kTKwOjGV8pkbWbmAA==}
    dependencies:
      rrweb: 2.0.0-alpha.4
    dev: false

  /process/0.11.10:
    resolution: {integrity: sha512-cdGef/drWFoydD1JsMzuFf8100nZl+GT+yacc2bEced5f9Rjk4z+WtFUTBu9PhOi9j/jfmBPu0mMEY4wIdAF8A==}
    engines: {node: '>= 0.6.0'}
    dev: true

  /react-dom/18.3.1_react@18.3.1:
    resolution: {integrity: sha512-5m4nQKp+rZRb09LNH59GM4BxTh9251/ylbKIbpe7TpGxfJ+9kv6BLkLBXIjjspbgbnIBNqlI23tRnTWT0snUIw==}
    peerDependencies:
      react: ^18.3.1
    dependencies:
      loose-envify: 1.4.0
      react: 18.3.1
      scheduler: 0.23.2
    dev: false

  /react/18.3.1:
    resolution: {integrity: sha512-wS+hAgJShR0KhEvPJArfuPVN1+Hz1t0Y6n5jLrGQbkb4urgPE/0Rve+1kMB1v/oWgHgm4WIcV+i7F2pTVj+2iQ==}
    engines: {node: '>=0.10.0'}
    dependencies:
      loose-envify: 1.4.0
    dev: false

  /rrdom/0.1.7:
    resolution: {integrity: sha512-ZLd8f14z9pUy2Hk9y636cNv5Y2BMnNEY99wxzW9tD2BLDfe1xFxtLjB4q/xCBYo6HRe0wofzKzjm4JojmpBfFw==}
    dependencies:
      rrweb-snapshot: 2.0.0-alpha.4
    dev: false

  /rrweb-snapshot/2.0.0-alpha.13:
    resolution: {integrity: sha512-slbhNBCYjxLGCeH95a67ECCy5a22nloXp1F5wF7DCzUNw80FN7tF9Lef1sRGLNo32g3mNqTc2sWLATlKejMxYw==}
    dev: false

  /rrweb-snapshot/2.0.0-alpha.4:
    resolution: {integrity: sha512-KQ2OtPpXO5jLYqg1OnXS/Hf+EzqnZyP5A+XPqBCjYpj3XIje/Od4gdUwjbFo3cVuWq5Cw5Y1d3/xwgIS7/XpQQ==}
    dev: false

  /rrweb/2.0.0-alpha.4:
    resolution: {integrity: sha512-wEHUILbxDPcNwkM3m4qgPgXAiBJyqCbbOHyVoNEVBJzHszWEFYyTbrZqUdeb1EfmTRC2PsumCIkVcomJ/xcOzA==}
    dependencies:
      '@rrweb/types': 2.0.0-alpha.13
      '@types/css-font-loading-module': 0.0.7
      '@xstate/fsm': 1.6.5
      base64-arraybuffer: 1.0.2
      fflate: 0.4.8
      mitt: 3.0.1
      rrdom: 0.1.7
      rrweb-snapshot: 2.0.0-alpha.4
    dev: false

  /scheduler/0.23.2:
    resolution: {integrity: sha512-UOShsPwz7NrMUqhR6t0hWjFduvOzbtv7toDH1/hIrfRNIDBnnBWd0CwJTGvTpngVlmwGCdP9/Zl/tVrDqcuYzQ==}
    dependencies:
      loose-envify: 1.4.0
    dev: false
